// !$*UTF8*$!
{
	archiveVersion = 1;
	classes = {
	};
	objectVersion = 50;
	objects = {

/* Begin PBXBuildFile section */
		F0204CEE22219F53009A1FD4 /* InterviewProblem5.cpp in Sources */ = {isa = PBXBuildFile; fileRef = F0204CEC22219F53009A1FD4 /* InterviewProblem5.cpp */; };
		F06961FD22262FFE00F0238D /* InterviewProblem8.cpp in Sources */ = {isa = PBXBuildFile; fileRef = F06961FB22262FFE00F0238D /* InterviewProblem8.cpp */; };
		F069637F22277B6200F0238D /* InterviewProblem9.cpp in Sources */ = {isa = PBXBuildFile; fileRef = F069637D22277B6200F0238D /* InterviewProblem9.cpp */; };
		F06963822227BC5100F0238D /* InterviewProblem10.cpp in Sources */ = {isa = PBXBuildFile; fileRef = F06963802227BC5100F0238D /* InterviewProblem10.cpp */; };
		F069638A2228D0DB00F0238D /* InterviewProblem11.cpp in Sources */ = {isa = PBXBuildFile; fileRef = F06963882228D0DB00F0238D /* InterviewProblem11.cpp */; };
		F069638D2228E39E00F0238D /* InterviewProblem12.cpp in Sources */ = {isa = PBXBuildFile; fileRef = F069638B2228E39E00F0238D /* InterviewProblem12.cpp */; };
		F0696390222CBFA800F0238D /* InterviewProblem13.cpp in Sources */ = {isa = PBXBuildFile; fileRef = F069638E222CBFA800F0238D /* InterviewProblem13.cpp */; };
		F0696393222CCFB000F0238D /* InterviewProblem14.cpp in Sources */ = {isa = PBXBuildFile; fileRef = F0696391222CCFB000F0238D /* InterviewProblem14.cpp */; };
		F0696396222E102300F0238D /* InterviewProblem15.cpp in Sources */ = {isa = PBXBuildFile; fileRef = F0696394222E102300F0238D /* InterviewProblem15.cpp */; };
		F0696399222E10B800F0238D /* ListNode.cpp in Sources */ = {isa = PBXBuildFile; fileRef = F0696397222E10B800F0238D /* ListNode.cpp */; };
		F069639C222E1F0800F0238D /* InterviewProblem16.cpp in Sources */ = {isa = PBXBuildFile; fileRef = F069639A222E1F0800F0238D /* InterviewProblem16.cpp */; };
		F069639F222F606F00F0238D /* InterviewProblem17.cpp in Sources */ = {isa = PBXBuildFile; fileRef = F069639D222F606F00F0238D /* InterviewProblem17.cpp */; };
		F06963A72230B38400F0238D /* InterviewProblem18.cpp in Sources */ = {isa = PBXBuildFile; fileRef = F06963A52230B38400F0238D /* InterviewProblem18.cpp */; };
		F06963AA2230B3D700F0238D /* BinaryTreeNode.cpp in Sources */ = {isa = PBXBuildFile; fileRef = F06963A82230B3D700F0238D /* BinaryTreeNode.cpp */; };
		F06963CA2230EA2F00F0238D /* InterviewProblem19.cpp in Sources */ = {isa = PBXBuildFile; fileRef = F06963C82230EA2F00F0238D /* InterviewProblem19.cpp */; };
		F06963CD22320A5B00F0238D /* InterviewProblem20.cpp in Sources */ = {isa = PBXBuildFile; fileRef = F06963CB22320A5B00F0238D /* InterviewProblem20.cpp */; };
		F06963D022321F4100F0238D /* InterviewProblem21.cpp in Sources */ = {isa = PBXBuildFile; fileRef = F06963CE22321F4100F0238D /* InterviewProblem21.cpp */; };
		F06963FB2235F9D300F0238D /* InterviewProblem22.cpp in Sources */ = {isa = PBXBuildFile; fileRef = F06963F92235F9D300F0238D /* InterviewProblem22.cpp */; };
		F06963FE2236083500F0238D /* InterviewProblem23.cpp in Sources */ = {isa = PBXBuildFile; fileRef = F06963FC2236083500F0238D /* InterviewProblem23.cpp */; };
		F069640122374A5400F0238D /* InterviewProblem24.cpp in Sources */ = {isa = PBXBuildFile; fileRef = F06963FF22374A5400F0238D /* InterviewProblem24.cpp */; };
		F069640422375D1200F0238D /* InterviewProblem25.cpp in Sources */ = {isa = PBXBuildFile; fileRef = F069640222375D1200F0238D /* InterviewProblem25.cpp */; };
		F069640722378BA900F0238D /* InterviewProblem26.cpp in Sources */ = {isa = PBXBuildFile; fileRef = F069640522378BA900F0238D /* InterviewProblem26.cpp */; };
		F069640A22389B3E00F0238D /* InterviewProblem27.cpp in Sources */ = {isa = PBXBuildFile; fileRef = F069640822389B3E00F0238D /* InterviewProblem27.cpp */; };
		F069640D2238B16A00F0238D /* InterviewProblem28.cpp in Sources */ = {isa = PBXBuildFile; fileRef = F069640B2238B16A00F0238D /* InterviewProblem28.cpp */; };
		F06964562239F49000F0238D /* InterviewProblem29.cpp in Sources */ = {isa = PBXBuildFile; fileRef = F06964542239F49000F0238D /* InterviewProblem29.cpp */; };
		F0696459223A0AD100F0238D /* InterviewProblem30.cpp in Sources */ = {isa = PBXBuildFile; fileRef = F0696457223A0AD100F0238D /* InterviewProblem30.cpp */; };
		F069645C223B3E3F00F0238D /* InterviewProblem31.cpp in Sources */ = {isa = PBXBuildFile; fileRef = F069645A223B3E3F00F0238D /* InterviewProblem31.cpp */; };
		F069645F223B4D0B00F0238D /* InterviewProblem32.cpp in Sources */ = {isa = PBXBuildFile; fileRef = F069645D223B4D0B00F0238D /* InterviewProblem32.cpp */; };
		F07831D92251AE630094FA8D /* InterviewProblem52.cpp in Sources */ = {isa = PBXBuildFile; fileRef = F07831D72251AE630094FA8D /* InterviewProblem52.cpp */; };
		F07831DC2251B8500094FA8D /* InterviewProblem53.cpp in Sources */ = {isa = PBXBuildFile; fileRef = F07831DA2251B8500094FA8D /* InterviewProblem53.cpp */; };
		F07831DF2252FA3D0094FA8D /* InterviewProblem54.cpp in Sources */ = {isa = PBXBuildFile; fileRef = F07831DD2252FA3D0094FA8D /* InterviewProblem54.cpp */; };
		F07831E2225303580094FA8D /* InterviewProblem55.cpp in Sources */ = {isa = PBXBuildFile; fileRef = F07831E0225303570094FA8D /* InterviewProblem55.cpp */; };
		F07831E5225449950094FA8D /* InterviewProblem56.cpp in Sources */ = {isa = PBXBuildFile; fileRef = F07831E3225449950094FA8D /* InterviewProblem56.cpp */; };
		F07831E8225452010094FA8D /* InterviewProblem57.cpp in Sources */ = {isa = PBXBuildFile; fileRef = F07831E6225452010094FA8D /* InterviewProblem57.cpp */; };
		F07E86D8223F3B8600C50055 /* InterviewProblem33.cpp in Sources */ = {isa = PBXBuildFile; fileRef = F07E86D6223F3B8600C50055 /* InterviewProblem33.cpp */; };
		F07E86DB223F4C0100C50055 /* InterviewProblem34.cpp in Sources */ = {isa = PBXBuildFile; fileRef = F07E86D9223F4C0100C50055 /* InterviewProblem34.cpp */; };
		F07E86DE2240818500C50055 /* InterviewProblem35.cpp in Sources */ = {isa = PBXBuildFile; fileRef = F07E86DC2240818500C50055 /* InterviewProblem35.cpp */; };
		F07E86E12240951400C50055 /* InterviewProblem36.cpp in Sources */ = {isa = PBXBuildFile; fileRef = F07E86DF2240951400C50055 /* InterviewProblem36.cpp */; };
		F07E86E42241CF5500C50055 /* InterviewProblem37.cpp in Sources */ = {isa = PBXBuildFile; fileRef = F07E86E22241CF5500C50055 /* InterviewProblem37.cpp */; };
		F07E86E722420EB900C50055 /* InterviewProblem38.cpp in Sources */ = {isa = PBXBuildFile; fileRef = F07E86E522420EB900C50055 /* InterviewProblem38.cpp */; };
		F07E87AE2243299000C50055 /* InterviewProblem39.cpp in Sources */ = {isa = PBXBuildFile; fileRef = F07E87AC2243299000C50055 /* InterviewProblem39.cpp */; };
		F07E87B12243387A00C50055 /* InterviewProblem40.cpp in Sources */ = {isa = PBXBuildFile; fileRef = F07E87AF2243387A00C50055 /* InterviewProblem40.cpp */; };
		F0E725B022447271004ACF8B /* InterviewProblem41.cpp in Sources */ = {isa = PBXBuildFile; fileRef = F0E725AE22447271004ACF8B /* InterviewProblem41.cpp */; };
		F0E725B322447C26004ACF8B /* InterviewProblem42.cpp in Sources */ = {isa = PBXBuildFile; fileRef = F0E725B122447C26004ACF8B /* InterviewProblem42.cpp */; };
		F0E725B82248A5E2004ACF8B /* InterviewProblem43.cpp in Sources */ = {isa = PBXBuildFile; fileRef = F0E725B62248A5E2004ACF8B /* InterviewProblem43.cpp */; };
		F0E725BB2249BB5D004ACF8B /* InterviewProblem44.cpp in Sources */ = {isa = PBXBuildFile; fileRef = F0E725B92249BB5D004ACF8B /* InterviewProblem44.cpp */; };
		F0E725BE2249C2BA004ACF8B /* InterviewProblem45.cpp in Sources */ = {isa = PBXBuildFile; fileRef = F0E725BC2249C2BA004ACF8B /* InterviewProblem45.cpp */; };
		F0E725C4224B15DF004ACF8B /* InterviewProblem46.cpp in Sources */ = {isa = PBXBuildFile; fileRef = F0E725C2224B15DF004ACF8B /* InterviewProblem46.cpp */; };
		F0E725C7224B18C0004ACF8B /* InterviewProblem47.cpp in Sources */ = {isa = PBXBuildFile; fileRef = F0E725C5224B18C0004ACF8B /* InterviewProblem47.cpp */; };
		F0E725CA224C6227004ACF8B /* InterviewProblem48.cpp in Sources */ = {isa = PBXBuildFile; fileRef = F0E725C8224C6227004ACF8B /* InterviewProblem48.cpp */; };
		F0E725CD224C667F004ACF8B /* InterviewProblem49.cpp in Sources */ = {isa = PBXBuildFile; fileRef = F0E725CB224C667F004ACF8B /* InterviewProblem49.cpp */; };
		F0E725D2224DB17B004ACF8B /* InterviewProblem50.cpp in Sources */ = {isa = PBXBuildFile; fileRef = F0E725D0224DB17B004ACF8B /* InterviewProblem50.cpp */; };
		F0E725D5224DC149004ACF8B /* InterviewProblem51.cpp in Sources */ = {isa = PBXBuildFile; fileRef = F0E725D3224DC149004ACF8B /* InterviewProblem51.cpp */; };
		F0F5FF99221E8CE700CE8E93 /* main.cpp in Sources */ = {isa = PBXBuildFile; fileRef = F0F5FF98221E8CE700CE8E93 /* main.cpp */; };
		F0F5FFA2221EB30300CE8E93 /* InterviewProblem3.cpp in Sources */ = {isa = PBXBuildFile; fileRef = F0F5FFA0221EB30300CE8E93 /* InterviewProblem3.cpp */; };
		F0F5FFA5221F9E6500CE8E93 /* InterviewProblem4.cpp in Sources */ = {isa = PBXBuildFile; fileRef = F0F5FFA3221F9E6500CE8E93 /* InterviewProblem4.cpp */; };
		F0F5FFA82223852C00CE8E93 /* InterviewProblem6.cpp in Sources */ = {isa = PBXBuildFile; fileRef = F0F5FFA62223852C00CE8E93 /* InterviewProblem6.cpp */; };
		F0F5FFAB2224D58800CE8E93 /* InterviewProblem7.cpp in Sources */ = {isa = PBXBuildFile; fileRef = F0F5FFA92224D58800CE8E93 /* InterviewProblem7.cpp */; };
		F0F5FFAE2224E61100CE8E93 /* Sort.cpp in Sources */ = {isa = PBXBuildFile; fileRef = F0F5FFAC2224E61100CE8E93 /* Sort.cpp */; };
/* End PBXBuildFile section */

/* Begin PBXCopyFilesBuildPhase section */
		F0F5FF93221E8CE700CE8E93 /* CopyFiles */ = {
			isa = PBXCopyFilesBuildPhase;
			buildActionMask = 2147483647;
			dstPath = /usr/share/man/man1/;
			dstSubfolderSpec = 0;
			files = (
			);
			runOnlyForDeploymentPostprocessing = 1;
		};
/* End PBXCopyFilesBuildPhase section */

/* Begin PBXFileReference section */
		F0204CEC22219F53009A1FD4 /* InterviewProblem5.cpp */ = {isa = PBXFileReference; lastKnownFileType = sourcecode.cpp.cpp; path = InterviewProblem5.cpp; sourceTree = "<group>"; };
		F0204CED22219F53009A1FD4 /* InterviewProblem5.hpp */ = {isa = PBXFileReference; lastKnownFileType = sourcecode.cpp.h; path = InterviewProblem5.hpp; sourceTree = "<group>"; };
		F06961FB22262FFE00F0238D /* InterviewProblem8.cpp */ = {isa = PBXFileReference; lastKnownFileType = sourcecode.cpp.cpp; path = InterviewProblem8.cpp; sourceTree = "<group>"; };
		F06961FC22262FFE00F0238D /* InterviewProblem8.hpp */ = {isa = PBXFileReference; lastKnownFileType = sourcecode.cpp.h; path = InterviewProblem8.hpp; sourceTree = "<group>"; };
		F069637D22277B6200F0238D /* InterviewProblem9.cpp */ = {isa = PBXFileReference; lastKnownFileType = sourcecode.cpp.cpp; path = InterviewProblem9.cpp; sourceTree = "<group>"; };
		F069637E22277B6200F0238D /* InterviewProblem9.hpp */ = {isa = PBXFileReference; lastKnownFileType = sourcecode.cpp.h; path = InterviewProblem9.hpp; sourceTree = "<group>"; };
		F06963802227BC5100F0238D /* InterviewProblem10.cpp */ = {isa = PBXFileReference; lastKnownFileType = sourcecode.cpp.cpp; path = InterviewProblem10.cpp; sourceTree = "<group>"; };
		F06963812227BC5100F0238D /* InterviewProblem10.hpp */ = {isa = PBXFileReference; lastKnownFileType = sourcecode.cpp.h; path = InterviewProblem10.hpp; sourceTree = "<group>"; };
		F06963882228D0DB00F0238D /* InterviewProblem11.cpp */ = {isa = PBXFileReference; lastKnownFileType = sourcecode.cpp.cpp; path = InterviewProblem11.cpp; sourceTree = "<group>"; };
		F06963892228D0DB00F0238D /* InterviewProblem11.hpp */ = {isa = PBXFileReference; lastKnownFileType = sourcecode.cpp.h; path = InterviewProblem11.hpp; sourceTree = "<group>"; };
		F069638B2228E39E00F0238D /* InterviewProblem12.cpp */ = {isa = PBXFileReference; lastKnownFileType = sourcecode.cpp.cpp; path = InterviewProblem12.cpp; sourceTree = "<group>"; };
		F069638C2228E39E00F0238D /* InterviewProblem12.hpp */ = {isa = PBXFileReference; lastKnownFileType = sourcecode.cpp.h; path = InterviewProblem12.hpp; sourceTree = "<group>"; };
		F069638E222CBFA800F0238D /* InterviewProblem13.cpp */ = {isa = PBXFileReference; lastKnownFileType = sourcecode.cpp.cpp; path = InterviewProblem13.cpp; sourceTree = "<group>"; };
		F069638F222CBFA800F0238D /* InterviewProblem13.hpp */ = {isa = PBXFileReference; lastKnownFileType = sourcecode.cpp.h; path = InterviewProblem13.hpp; sourceTree = "<group>"; };
		F0696391222CCFB000F0238D /* InterviewProblem14.cpp */ = {isa = PBXFileReference; lastKnownFileType = sourcecode.cpp.cpp; path = InterviewProblem14.cpp; sourceTree = "<group>"; };
		F0696392222CCFB000F0238D /* InterviewProblem14.hpp */ = {isa = PBXFileReference; lastKnownFileType = sourcecode.cpp.h; path = InterviewProblem14.hpp; sourceTree = "<group>"; };
		F0696394222E102300F0238D /* InterviewProblem15.cpp */ = {isa = PBXFileReference; lastKnownFileType = sourcecode.cpp.cpp; path = InterviewProblem15.cpp; sourceTree = "<group>"; };
		F0696395222E102300F0238D /* InterviewProblem15.hpp */ = {isa = PBXFileReference; lastKnownFileType = sourcecode.cpp.h; path = InterviewProblem15.hpp; sourceTree = "<group>"; };
		F0696397222E10B800F0238D /* ListNode.cpp */ = {isa = PBXFileReference; lastKnownFileType = sourcecode.cpp.cpp; path = ListNode.cpp; sourceTree = "<group>"; };
		F0696398222E10B800F0238D /* ListNode.hpp */ = {isa = PBXFileReference; lastKnownFileType = sourcecode.cpp.h; path = ListNode.hpp; sourceTree = "<group>"; };
		F069639A222E1F0800F0238D /* InterviewProblem16.cpp */ = {isa = PBXFileReference; lastKnownFileType = sourcecode.cpp.cpp; path = InterviewProblem16.cpp; sourceTree = "<group>"; };
		F069639B222E1F0800F0238D /* InterviewProblem16.hpp */ = {isa = PBXFileReference; lastKnownFileType = sourcecode.cpp.h; path = InterviewProblem16.hpp; sourceTree = "<group>"; };
		F069639D222F606F00F0238D /* InterviewProblem17.cpp */ = {isa = PBXFileReference; lastKnownFileType = sourcecode.cpp.cpp; path = InterviewProblem17.cpp; sourceTree = "<group>"; };
		F069639E222F606F00F0238D /* InterviewProblem17.hpp */ = {isa = PBXFileReference; lastKnownFileType = sourcecode.cpp.h; path = InterviewProblem17.hpp; sourceTree = "<group>"; };
		F06963A52230B38400F0238D /* InterviewProblem18.cpp */ = {isa = PBXFileReference; lastKnownFileType = sourcecode.cpp.cpp; path = InterviewProblem18.cpp; sourceTree = "<group>"; };
		F06963A62230B38400F0238D /* InterviewProblem18.hpp */ = {isa = PBXFileReference; lastKnownFileType = sourcecode.cpp.h; path = InterviewProblem18.hpp; sourceTree = "<group>"; };
		F06963A82230B3D700F0238D /* BinaryTreeNode.cpp */ = {isa = PBXFileReference; lastKnownFileType = sourcecode.cpp.cpp; path = BinaryTreeNode.cpp; sourceTree = "<group>"; };
		F06963A92230B3D700F0238D /* BinaryTreeNode.hpp */ = {isa = PBXFileReference; lastKnownFileType = sourcecode.cpp.h; path = BinaryTreeNode.hpp; sourceTree = "<group>"; };
		F06963C82230EA2F00F0238D /* InterviewProblem19.cpp */ = {isa = PBXFileReference; lastKnownFileType = sourcecode.cpp.cpp; path = InterviewProblem19.cpp; sourceTree = "<group>"; };
		F06963C92230EA2F00F0238D /* InterviewProblem19.hpp */ = {isa = PBXFileReference; lastKnownFileType = sourcecode.cpp.h; path = InterviewProblem19.hpp; sourceTree = "<group>"; };
		F06963CB22320A5B00F0238D /* InterviewProblem20.cpp */ = {isa = PBXFileReference; lastKnownFileType = sourcecode.cpp.cpp; path = InterviewProblem20.cpp; sourceTree = "<group>"; };
		F06963CC22320A5B00F0238D /* InterviewProblem20.hpp */ = {isa = PBXFileReference; lastKnownFileType = sourcecode.cpp.h; path = InterviewProblem20.hpp; sourceTree = "<group>"; };
		F06963CE22321F4100F0238D /* InterviewProblem21.cpp */ = {isa = PBXFileReference; lastKnownFileType = sourcecode.cpp.cpp; path = InterviewProblem21.cpp; sourceTree = "<group>"; };
		F06963CF22321F4100F0238D /* InterviewProblem21.hpp */ = {isa = PBXFileReference; lastKnownFileType = sourcecode.cpp.h; path = InterviewProblem21.hpp; sourceTree = "<group>"; };
		F06963F92235F9D300F0238D /* InterviewProblem22.cpp */ = {isa = PBXFileReference; lastKnownFileType = sourcecode.cpp.cpp; path = InterviewProblem22.cpp; sourceTree = "<group>"; };
		F06963FA2235F9D300F0238D /* InterviewProblem22.hpp */ = {isa = PBXFileReference; lastKnownFileType = sourcecode.cpp.h; path = InterviewProblem22.hpp; sourceTree = "<group>"; };
		F06963FC2236083500F0238D /* InterviewProblem23.cpp */ = {isa = PBXFileReference; lastKnownFileType = sourcecode.cpp.cpp; path = InterviewProblem23.cpp; sourceTree = "<group>"; };
		F06963FD2236083500F0238D /* InterviewProblem23.hpp */ = {isa = PBXFileReference; lastKnownFileType = sourcecode.cpp.h; path = InterviewProblem23.hpp; sourceTree = "<group>"; };
		F06963FF22374A5400F0238D /* InterviewProblem24.cpp */ = {isa = PBXFileReference; lastKnownFileType = sourcecode.cpp.cpp; path = InterviewProblem24.cpp; sourceTree = "<group>"; };
		F069640022374A5400F0238D /* InterviewProblem24.hpp */ = {isa = PBXFileReference; lastKnownFileType = sourcecode.cpp.h; path = InterviewProblem24.hpp; sourceTree = "<group>"; };
		F069640222375D1200F0238D /* InterviewProblem25.cpp */ = {isa = PBXFileReference; lastKnownFileType = sourcecode.cpp.cpp; path = InterviewProblem25.cpp; sourceTree = "<group>"; };
		F069640322375D1200F0238D /* InterviewProblem25.hpp */ = {isa = PBXFileReference; lastKnownFileType = sourcecode.cpp.h; path = InterviewProblem25.hpp; sourceTree = "<group>"; };
		F069640522378BA900F0238D /* InterviewProblem26.cpp */ = {isa = PBXFileReference; lastKnownFileType = sourcecode.cpp.cpp; path = InterviewProblem26.cpp; sourceTree = "<group>"; };
		F069640622378BA900F0238D /* InterviewProblem26.hpp */ = {isa = PBXFileReference; lastKnownFileType = sourcecode.cpp.h; path = InterviewProblem26.hpp; sourceTree = "<group>"; };
		F069640822389B3E00F0238D /* InterviewProblem27.cpp */ = {isa = PBXFileReference; lastKnownFileType = sourcecode.cpp.cpp; path = InterviewProblem27.cpp; sourceTree = "<group>"; };
		F069640922389B3E00F0238D /* InterviewProblem27.hpp */ = {isa = PBXFileReference; lastKnownFileType = sourcecode.cpp.h; path = InterviewProblem27.hpp; sourceTree = "<group>"; };
		F069640B2238B16A00F0238D /* InterviewProblem28.cpp */ = {isa = PBXFileReference; lastKnownFileType = sourcecode.cpp.cpp; path = InterviewProblem28.cpp; sourceTree = "<group>"; };
		F069640C2238B16A00F0238D /* InterviewProblem28.hpp */ = {isa = PBXFileReference; lastKnownFileType = sourcecode.cpp.h; path = InterviewProblem28.hpp; sourceTree = "<group>"; };
		F06964542239F49000F0238D /* InterviewProblem29.cpp */ = {isa = PBXFileReference; lastKnownFileType = sourcecode.cpp.cpp; path = InterviewProblem29.cpp; sourceTree = "<group>"; };
		F06964552239F49000F0238D /* InterviewProblem29.hpp */ = {isa = PBXFileReference; lastKnownFileType = sourcecode.cpp.h; path = InterviewProblem29.hpp; sourceTree = "<group>"; };
		F0696457223A0AD100F0238D /* InterviewProblem30.cpp */ = {isa = PBXFileReference; lastKnownFileType = sourcecode.cpp.cpp; path = InterviewProblem30.cpp; sourceTree = "<group>"; };
		F0696458223A0AD100F0238D /* InterviewProblem30.hpp */ = {isa = PBXFileReference; lastKnownFileType = sourcecode.cpp.h; path = InterviewProblem30.hpp; sourceTree = "<group>"; };
		F069645A223B3E3F00F0238D /* InterviewProblem31.cpp */ = {isa = PBXFileReference; lastKnownFileType = sourcecode.cpp.cpp; path = InterviewProblem31.cpp; sourceTree = "<group>"; };
		F069645B223B3E3F00F0238D /* InterviewProblem31.hpp */ = {isa = PBXFileReference; lastKnownFileType = sourcecode.cpp.h; path = InterviewProblem31.hpp; sourceTree = "<group>"; };
		F069645D223B4D0B00F0238D /* InterviewProblem32.cpp */ = {isa = PBXFileReference; lastKnownFileType = sourcecode.cpp.cpp; path = InterviewProblem32.cpp; sourceTree = "<group>"; };
		F069645E223B4D0B00F0238D /* InterviewProblem32.hpp */ = {isa = PBXFileReference; lastKnownFileType = sourcecode.cpp.h; path = InterviewProblem32.hpp; sourceTree = "<group>"; };
		F07831D72251AE630094FA8D /* InterviewProblem52.cpp */ = {isa = PBXFileReference; lastKnownFileType = sourcecode.cpp.cpp; path = InterviewProblem52.cpp; sourceTree = "<group>"; };
		F07831D82251AE630094FA8D /* InterviewProblem52.hpp */ = {isa = PBXFileReference; lastKnownFileType = sourcecode.cpp.h; path = InterviewProblem52.hpp; sourceTree = "<group>"; };
		F07831DA2251B8500094FA8D /* InterviewProblem53.cpp */ = {isa = PBXFileReference; lastKnownFileType = sourcecode.cpp.cpp; path = InterviewProblem53.cpp; sourceTree = "<group>"; };
		F07831DB2251B8500094FA8D /* InterviewProblem53.hpp */ = {isa = PBXFileReference; lastKnownFileType = sourcecode.cpp.h; path = InterviewProblem53.hpp; sourceTree = "<group>"; };
		F07831DD2252FA3D0094FA8D /* InterviewProblem54.cpp */ = {isa = PBXFileReference; lastKnownFileType = sourcecode.cpp.cpp; path = InterviewProblem54.cpp; sourceTree = "<group>"; };
		F07831DE2252FA3D0094FA8D /* InterviewProblem54.hpp */ = {isa = PBXFileReference; lastKnownFileType = sourcecode.cpp.h; path = InterviewProblem54.hpp; sourceTree = "<group>"; };
		F07831E0225303570094FA8D /* InterviewProblem55.cpp */ = {isa = PBXFileReference; lastKnownFileType = sourcecode.cpp.cpp; path = InterviewProblem55.cpp; sourceTree = "<group>"; };
		F07831E1225303580094FA8D /* InterviewProblem55.hpp */ = {isa = PBXFileReference; lastKnownFileType = sourcecode.cpp.h; path = InterviewProblem55.hpp; sourceTree = "<group>"; };
		F07831E3225449950094FA8D /* InterviewProblem56.cpp */ = {isa = PBXFileReference; lastKnownFileType = sourcecode.cpp.cpp; path = InterviewProblem56.cpp; sourceTree = "<group>"; };
		F07831E4225449950094FA8D /* InterviewProblem56.hpp */ = {isa = PBXFileReference; lastKnownFileType = sourcecode.cpp.h; path = InterviewProblem56.hpp; sourceTree = "<group>"; };
		F07831E6225452010094FA8D /* InterviewProblem57.cpp */ = {isa = PBXFileReference; lastKnownFileType = sourcecode.cpp.cpp; path = InterviewProblem57.cpp; sourceTree = "<group>"; };
		F07831E7225452010094FA8D /* InterviewProblem57.hpp */ = {isa = PBXFileReference; lastKnownFileType = sourcecode.cpp.h; path = InterviewProblem57.hpp; sourceTree = "<group>"; };
		F07E86D6223F3B8600C50055 /* InterviewProblem33.cpp */ = {isa = PBXFileReference; lastKnownFileType = sourcecode.cpp.cpp; path = InterviewProblem33.cpp; sourceTree = "<group>"; };
		F07E86D7223F3B8600C50055 /* InterviewProblem33.hpp */ = {isa = PBXFileReference; lastKnownFileType = sourcecode.cpp.h; path = InterviewProblem33.hpp; sourceTree = "<group>"; };
		F07E86D9223F4C0100C50055 /* InterviewProblem34.cpp */ = {isa = PBXFileReference; lastKnownFileType = sourcecode.cpp.cpp; path = InterviewProblem34.cpp; sourceTree = "<group>"; };
		F07E86DA223F4C0100C50055 /* InterviewProblem34.hpp */ = {isa = PBXFileReference; lastKnownFileType = sourcecode.cpp.h; path = InterviewProblem34.hpp; sourceTree = "<group>"; };
		F07E86DC2240818500C50055 /* InterviewProblem35.cpp */ = {isa = PBXFileReference; lastKnownFileType = sourcecode.cpp.cpp; path = InterviewProblem35.cpp; sourceTree = "<group>"; };
		F07E86DD2240818500C50055 /* InterviewProblem35.hpp */ = {isa = PBXFileReference; lastKnownFileType = sourcecode.cpp.h; path = InterviewProblem35.hpp; sourceTree = "<group>"; };
		F07E86DF2240951400C50055 /* InterviewProblem36.cpp */ = {isa = PBXFileReference; lastKnownFileType = sourcecode.cpp.cpp; path = InterviewProblem36.cpp; sourceTree = "<group>"; };
		F07E86E02240951400C50055 /* InterviewProblem36.hpp */ = {isa = PBXFileReference; lastKnownFileType = sourcecode.cpp.h; path = InterviewProblem36.hpp; sourceTree = "<group>"; };
		F07E86E22241CF5500C50055 /* InterviewProblem37.cpp */ = {isa = PBXFileReference; lastKnownFileType = sourcecode.cpp.cpp; path = InterviewProblem37.cpp; sourceTree = "<group>"; };
		F07E86E32241CF5500C50055 /* InterviewProblem37.hpp */ = {isa = PBXFileReference; lastKnownFileType = sourcecode.cpp.h; path = InterviewProblem37.hpp; sourceTree = "<group>"; };
		F07E86E522420EB900C50055 /* InterviewProblem38.cpp */ = {isa = PBXFileReference; lastKnownFileType = sourcecode.cpp.cpp; path = InterviewProblem38.cpp; sourceTree = "<group>"; };
		F07E86E622420EB900C50055 /* InterviewProblem38.hpp */ = {isa = PBXFileReference; lastKnownFileType = sourcecode.cpp.h; path = InterviewProblem38.hpp; sourceTree = "<group>"; };
		F07E87AC2243299000C50055 /* InterviewProblem39.cpp */ = {isa = PBXFileReference; lastKnownFileType = sourcecode.cpp.cpp; path = InterviewProblem39.cpp; sourceTree = "<group>"; };
		F07E87AD2243299000C50055 /* InterviewProblem39.hpp */ = {isa = PBXFileReference; lastKnownFileType = sourcecode.cpp.h; path = InterviewProblem39.hpp; sourceTree = "<group>"; };
		F07E87AF2243387A00C50055 /* InterviewProblem40.cpp */ = {isa = PBXFileReference; lastKnownFileType = sourcecode.cpp.cpp; path = InterviewProblem40.cpp; sourceTree = "<group>"; };
		F07E87B02243387A00C50055 /* InterviewProblem40.hpp */ = {isa = PBXFileReference; lastKnownFileType = sourcecode.cpp.h; path = InterviewProblem40.hpp; sourceTree = "<group>"; };
		F0E725AE22447271004ACF8B /* InterviewProblem41.cpp */ = {isa = PBXFileReference; lastKnownFileType = sourcecode.cpp.cpp; path = InterviewProblem41.cpp; sourceTree = "<group>"; };
		F0E725AF22447271004ACF8B /* InterviewProblem41.hpp */ = {isa = PBXFileReference; lastKnownFileType = sourcecode.cpp.h; path = InterviewProblem41.hpp; sourceTree = "<group>"; };
		F0E725B122447C26004ACF8B /* InterviewProblem42.cpp */ = {isa = PBXFileReference; lastKnownFileType = sourcecode.cpp.cpp; path = InterviewProblem42.cpp; sourceTree = "<group>"; };
		F0E725B222447C26004ACF8B /* InterviewProblem42.hpp */ = {isa = PBXFileReference; lastKnownFileType = sourcecode.cpp.h; path = InterviewProblem42.hpp; sourceTree = "<group>"; };
		F0E725B62248A5E2004ACF8B /* InterviewProblem43.cpp */ = {isa = PBXFileReference; lastKnownFileType = sourcecode.cpp.cpp; path = InterviewProblem43.cpp; sourceTree = "<group>"; };
		F0E725B72248A5E2004ACF8B /* InterviewProblem43.hpp */ = {isa = PBXFileReference; lastKnownFileType = sourcecode.cpp.h; path = InterviewProblem43.hpp; sourceTree = "<group>"; };
		F0E725B92249BB5D004ACF8B /* InterviewProblem44.cpp */ = {isa = PBXFileReference; lastKnownFileType = sourcecode.cpp.cpp; path = InterviewProblem44.cpp; sourceTree = "<group>"; };
		F0E725BA2249BB5D004ACF8B /* InterviewProblem44.hpp */ = {isa = PBXFileReference; lastKnownFileType = sourcecode.cpp.h; path = InterviewProblem44.hpp; sourceTree = "<group>"; };
		F0E725BC2249C2BA004ACF8B /* InterviewProblem45.cpp */ = {isa = PBXFileReference; lastKnownFileType = sourcecode.cpp.cpp; path = InterviewProblem45.cpp; sourceTree = "<group>"; };
		F0E725BD2249C2BA004ACF8B /* InterviewProblem45.hpp */ = {isa = PBXFileReference; lastKnownFileType = sourcecode.cpp.h; path = InterviewProblem45.hpp; sourceTree = "<group>"; };
		F0E725C2224B15DF004ACF8B /* InterviewProblem46.cpp */ = {isa = PBXFileReference; lastKnownFileType = sourcecode.cpp.cpp; path = InterviewProblem46.cpp; sourceTree = "<group>"; };
		F0E725C3224B15DF004ACF8B /* InterviewProblem46.hpp */ = {isa = PBXFileReference; lastKnownFileType = sourcecode.cpp.h; path = InterviewProblem46.hpp; sourceTree = "<group>"; };
		F0E725C5224B18C0004ACF8B /* InterviewProblem47.cpp */ = {isa = PBXFileReference; lastKnownFileType = sourcecode.cpp.cpp; path = InterviewProblem47.cpp; sourceTree = "<group>"; };
		F0E725C6224B18C0004ACF8B /* InterviewProblem47.hpp */ = {isa = PBXFileReference; lastKnownFileType = sourcecode.cpp.h; path = InterviewProblem47.hpp; sourceTree = "<group>"; };
		F0E725C8224C6227004ACF8B /* InterviewProblem48.cpp */ = {isa = PBXFileReference; lastKnownFileType = sourcecode.cpp.cpp; path = InterviewProblem48.cpp; sourceTree = "<group>"; };
		F0E725C9224C6227004ACF8B /* InterviewProblem48.hpp */ = {isa = PBXFileReference; lastKnownFileType = sourcecode.cpp.h; path = InterviewProblem48.hpp; sourceTree = "<group>"; };
		F0E725CB224C667F004ACF8B /* InterviewProblem49.cpp */ = {isa = PBXFileReference; lastKnownFileType = sourcecode.cpp.cpp; path = InterviewProblem49.cpp; sourceTree = "<group>"; };
		F0E725CC224C667F004ACF8B /* InterviewProblem49.hpp */ = {isa = PBXFileReference; lastKnownFileType = sourcecode.cpp.h; path = InterviewProblem49.hpp; sourceTree = "<group>"; };
		F0E725D0224DB17B004ACF8B /* InterviewProblem50.cpp */ = {isa = PBXFileReference; lastKnownFileType = sourcecode.cpp.cpp; path = InterviewProblem50.cpp; sourceTree = "<group>"; };
		F0E725D1224DB17B004ACF8B /* InterviewProblem50.hpp */ = {isa = PBXFileReference; lastKnownFileType = sourcecode.cpp.h; path = InterviewProblem50.hpp; sourceTree = "<group>"; };
		F0E725D3224DC149004ACF8B /* InterviewProblem51.cpp */ = {isa = PBXFileReference; lastKnownFileType = sourcecode.cpp.cpp; path = InterviewProblem51.cpp; sourceTree = "<group>"; };
		F0E725D4224DC149004ACF8B /* InterviewProblem51.hpp */ = {isa = PBXFileReference; lastKnownFileType = sourcecode.cpp.h; path = InterviewProblem51.hpp; sourceTree = "<group>"; };
		F0F5FF95221E8CE700CE8E93 /* AlgorithmLibrary */ = {isa = PBXFileReference; explicitFileType = "compiled.mach-o.executable"; includeInIndex = 0; path = AlgorithmLibrary; sourceTree = BUILT_PRODUCTS_DIR; };
		F0F5FF98221E8CE700CE8E93 /* main.cpp */ = {isa = PBXFileReference; lastKnownFileType = sourcecode.cpp.cpp; path = main.cpp; sourceTree = "<group>"; };
		F0F5FFA0221EB30300CE8E93 /* InterviewProblem3.cpp */ = {isa = PBXFileReference; lastKnownFileType = sourcecode.cpp.cpp; path = InterviewProblem3.cpp; sourceTree = "<group>"; };
		F0F5FFA1221EB30300CE8E93 /* InterviewProblem3.hpp */ = {isa = PBXFileReference; lastKnownFileType = sourcecode.cpp.h; path = InterviewProblem3.hpp; sourceTree = "<group>"; };
		F0F5FFA3221F9E6500CE8E93 /* InterviewProblem4.cpp */ = {isa = PBXFileReference; lastKnownFileType = sourcecode.cpp.cpp; path = InterviewProblem4.cpp; sourceTree = "<group>"; };
		F0F5FFA4221F9E6500CE8E93 /* InterviewProblem4.hpp */ = {isa = PBXFileReference; lastKnownFileType = sourcecode.cpp.h; path = InterviewProblem4.hpp; sourceTree = "<group>"; };
		F0F5FFA62223852C00CE8E93 /* InterviewProblem6.cpp */ = {isa = PBXFileReference; lastKnownFileType = sourcecode.cpp.cpp; path = InterviewProblem6.cpp; sourceTree = "<group>"; };
		F0F5FFA72223852C00CE8E93 /* InterviewProblem6.hpp */ = {isa = PBXFileReference; lastKnownFileType = sourcecode.cpp.h; path = InterviewProblem6.hpp; sourceTree = "<group>"; };
		F0F5FFA92224D58800CE8E93 /* InterviewProblem7.cpp */ = {isa = PBXFileReference; lastKnownFileType = sourcecode.cpp.cpp; path = InterviewProblem7.cpp; sourceTree = "<group>"; };
		F0F5FFAA2224D58800CE8E93 /* InterviewProblem7.hpp */ = {isa = PBXFileReference; lastKnownFileType = sourcecode.cpp.h; path = InterviewProblem7.hpp; sourceTree = "<group>"; };
		F0F5FFAC2224E61100CE8E93 /* Sort.cpp */ = {isa = PBXFileReference; lastKnownFileType = sourcecode.cpp.cpp; path = Sort.cpp; sourceTree = "<group>"; };
		F0F5FFAD2224E61100CE8E93 /* Sort.hpp */ = {isa = PBXFileReference; lastKnownFileType = sourcecode.cpp.h; path = Sort.hpp; sourceTree = "<group>"; };
/* End PBXFileReference section */

/* Begin PBXFrameworksBuildPhase section */
		F0F5FF92221E8CE700CE8E93 /* Frameworks */ = {
			isa = PBXFrameworksBuildPhase;
			buildActionMask = 2147483647;
			files = (
			);
			runOnlyForDeploymentPostprocessing = 0;
		};
/* End PBXFrameworksBuildPhase section */

/* Begin PBXGroup section */
		F0F5FF8C221E8CE700CE8E93 = {
			isa = PBXGroup;
			children = (
				F0F5FF97221E8CE700CE8E93 /* AlgorithmLibrary */,
				F0F5FF96221E8CE700CE8E93 /* Products */,
			);
			sourceTree = "<group>";
		};
		F0F5FF96221E8CE700CE8E93 /* Products */ = {
			isa = PBXGroup;
			children = (
				F0F5FF95221E8CE700CE8E93 /* AlgorithmLibrary */,
			);
			name = Products;
			sourceTree = "<group>";
		};
		F0F5FF97221E8CE700CE8E93 /* AlgorithmLibrary */ = {
			isa = PBXGroup;
			children = (
				F0F5FF9F221EB27B00CE8E93 /* 剑指offer */,
				F0F5FF98221E8CE700CE8E93 /* main.cpp */,
			);
			path = AlgorithmLibrary;
			sourceTree = "<group>";
		};
		F0F5FF9F221EB27B00CE8E93 /* 剑指offer */ = {
			isa = PBXGroup;
			children = (
				F0F5FFA0221EB30300CE8E93 /* InterviewProblem3.cpp */,
				F0F5FFA1221EB30300CE8E93 /* InterviewProblem3.hpp */,
				F0F5FFA3221F9E6500CE8E93 /* InterviewProblem4.cpp */,
				F0F5FFA4221F9E6500CE8E93 /* InterviewProblem4.hpp */,
				F0204CEC22219F53009A1FD4 /* InterviewProblem5.cpp */,
				F0204CED22219F53009A1FD4 /* InterviewProblem5.hpp */,
				F0F5FFA62223852C00CE8E93 /* InterviewProblem6.cpp */,
				F0F5FFA72223852C00CE8E93 /* InterviewProblem6.hpp */,
				F0F5FFA92224D58800CE8E93 /* InterviewProblem7.cpp */,
				F0F5FFAA2224D58800CE8E93 /* InterviewProblem7.hpp */,
				F06961FB22262FFE00F0238D /* InterviewProblem8.cpp */,
				F06961FC22262FFE00F0238D /* InterviewProblem8.hpp */,
				F069637D22277B6200F0238D /* InterviewProblem9.cpp */,
				F069637E22277B6200F0238D /* InterviewProblem9.hpp */,
				F06963802227BC5100F0238D /* InterviewProblem10.cpp */,
				F06963812227BC5100F0238D /* InterviewProblem10.hpp */,
				F06963882228D0DB00F0238D /* InterviewProblem11.cpp */,
				F06963892228D0DB00F0238D /* InterviewProblem11.hpp */,
				F069638B2228E39E00F0238D /* InterviewProblem12.cpp */,
				F069638C2228E39E00F0238D /* InterviewProblem12.hpp */,
				F069638E222CBFA800F0238D /* InterviewProblem13.cpp */,
				F069638F222CBFA800F0238D /* InterviewProblem13.hpp */,
				F0696391222CCFB000F0238D /* InterviewProblem14.cpp */,
				F0696392222CCFB000F0238D /* InterviewProblem14.hpp */,
				F0696394222E102300F0238D /* InterviewProblem15.cpp */,
				F0696395222E102300F0238D /* InterviewProblem15.hpp */,
				F069639A222E1F0800F0238D /* InterviewProblem16.cpp */,
				F069639B222E1F0800F0238D /* InterviewProblem16.hpp */,
				F069639D222F606F00F0238D /* InterviewProblem17.cpp */,
				F069639E222F606F00F0238D /* InterviewProblem17.hpp */,
				F06963A52230B38400F0238D /* InterviewProblem18.cpp */,
				F06963A62230B38400F0238D /* InterviewProblem18.hpp */,
				F06963C82230EA2F00F0238D /* InterviewProblem19.cpp */,
				F06963C92230EA2F00F0238D /* InterviewProblem19.hpp */,
				F06963CB22320A5B00F0238D /* InterviewProblem20.cpp */,
				F06963CC22320A5B00F0238D /* InterviewProblem20.hpp */,
				F06963CE22321F4100F0238D /* InterviewProblem21.cpp */,
				F06963CF22321F4100F0238D /* InterviewProblem21.hpp */,
				F06963F92235F9D300F0238D /* InterviewProblem22.cpp */,
				F06963FA2235F9D300F0238D /* InterviewProblem22.hpp */,
				F06963FC2236083500F0238D /* InterviewProblem23.cpp */,
				F06963FD2236083500F0238D /* InterviewProblem23.hpp */,
				F06963FF22374A5400F0238D /* InterviewProblem24.cpp */,
				F069640022374A5400F0238D /* InterviewProblem24.hpp */,
				F069640222375D1200F0238D /* InterviewProblem25.cpp */,
				F069640322375D1200F0238D /* InterviewProblem25.hpp */,
				F069640522378BA900F0238D /* InterviewProblem26.cpp */,
				F069640622378BA900F0238D /* InterviewProblem26.hpp */,
				F069640822389B3E00F0238D /* InterviewProblem27.cpp */,
				F069640922389B3E00F0238D /* InterviewProblem27.hpp */,
				F069640B2238B16A00F0238D /* InterviewProblem28.cpp */,
				F069640C2238B16A00F0238D /* InterviewProblem28.hpp */,
				F06964542239F49000F0238D /* InterviewProblem29.cpp */,
				F06964552239F49000F0238D /* InterviewProblem29.hpp */,
				F0696457223A0AD100F0238D /* InterviewProblem30.cpp */,
				F0696458223A0AD100F0238D /* InterviewProblem30.hpp */,
				F069645A223B3E3F00F0238D /* InterviewProblem31.cpp */,
				F069645B223B3E3F00F0238D /* InterviewProblem31.hpp */,
				F069645D223B4D0B00F0238D /* InterviewProblem32.cpp */,
				F069645E223B4D0B00F0238D /* InterviewProblem32.hpp */,
				F07E86D6223F3B8600C50055 /* InterviewProblem33.cpp */,
				F07E86D7223F3B8600C50055 /* InterviewProblem33.hpp */,
				F07E86D9223F4C0100C50055 /* InterviewProblem34.cpp */,
				F07E86DA223F4C0100C50055 /* InterviewProblem34.hpp */,
				F07E86DC2240818500C50055 /* InterviewProblem35.cpp */,
				F07E86DD2240818500C50055 /* InterviewProblem35.hpp */,
				F07E86DF2240951400C50055 /* InterviewProblem36.cpp */,
				F07E86E02240951400C50055 /* InterviewProblem36.hpp */,
				F07E86E22241CF5500C50055 /* InterviewProblem37.cpp */,
				F07E86E32241CF5500C50055 /* InterviewProblem37.hpp */,
				F07E86E522420EB900C50055 /* InterviewProblem38.cpp */,
				F07E86E622420EB900C50055 /* InterviewProblem38.hpp */,
				F07E87AC2243299000C50055 /* InterviewProblem39.cpp */,
				F07E87AD2243299000C50055 /* InterviewProblem39.hpp */,
				F07E87AF2243387A00C50055 /* InterviewProblem40.cpp */,
				F07E87B02243387A00C50055 /* InterviewProblem40.hpp */,
				F0E725AE22447271004ACF8B /* InterviewProblem41.cpp */,
				F0E725AF22447271004ACF8B /* InterviewProblem41.hpp */,
				F0E725B122447C26004ACF8B /* InterviewProblem42.cpp */,
				F0E725B222447C26004ACF8B /* InterviewProblem42.hpp */,
				F0E725B62248A5E2004ACF8B /* InterviewProblem43.cpp */,
				F0E725B72248A5E2004ACF8B /* InterviewProblem43.hpp */,
				F0E725B92249BB5D004ACF8B /* InterviewProblem44.cpp */,
				F0E725BA2249BB5D004ACF8B /* InterviewProblem44.hpp */,
				F0E725BC2249C2BA004ACF8B /* InterviewProblem45.cpp */,
				F0E725BD2249C2BA004ACF8B /* InterviewProblem45.hpp */,
				F0E725C2224B15DF004ACF8B /* InterviewProblem46.cpp */,
				F0E725C3224B15DF004ACF8B /* InterviewProblem46.hpp */,
				F0E725C5224B18C0004ACF8B /* InterviewProblem47.cpp */,
				F0E725C6224B18C0004ACF8B /* InterviewProblem47.hpp */,
				F0E725C8224C6227004ACF8B /* InterviewProblem48.cpp */,
				F0E725C9224C6227004ACF8B /* InterviewProblem48.hpp */,
				F0E725CB224C667F004ACF8B /* InterviewProblem49.cpp */,
				F0E725CC224C667F004ACF8B /* InterviewProblem49.hpp */,
				F0E725D0224DB17B004ACF8B /* InterviewProblem50.cpp */,
				F0E725D1224DB17B004ACF8B /* InterviewProblem50.hpp */,
				F0E725D3224DC149004ACF8B /* InterviewProblem51.cpp */,
				F0E725D4224DC149004ACF8B /* InterviewProblem51.hpp */,
				F07831D72251AE630094FA8D /* InterviewProblem52.cpp */,
				F07831D82251AE630094FA8D /* InterviewProblem52.hpp */,
				F07831DA2251B8500094FA8D /* InterviewProblem53.cpp */,
				F07831DB2251B8500094FA8D /* InterviewProblem53.hpp */,
				F07831DD2252FA3D0094FA8D /* InterviewProblem54.cpp */,
				F07831DE2252FA3D0094FA8D /* InterviewProblem54.hpp */,
				F07831E0225303570094FA8D /* InterviewProblem55.cpp */,
				F07831E1225303580094FA8D /* InterviewProblem55.hpp */,
				F07831E3225449950094FA8D /* InterviewProblem56.cpp */,
				F07831E4225449950094FA8D /* InterviewProblem56.hpp */,
				F07831E6225452010094FA8D /* InterviewProblem57.cpp */,
				F07831E7225452010094FA8D /* InterviewProblem57.hpp */,
				F0F5FFAC2224E61100CE8E93 /* Sort.cpp */,
				F0F5FFAD2224E61100CE8E93 /* Sort.hpp */,
				F0696397222E10B800F0238D /* ListNode.cpp */,
				F0696398222E10B800F0238D /* ListNode.hpp */,
				F06963A82230B3D700F0238D /* BinaryTreeNode.cpp */,
				F06963A92230B3D700F0238D /* BinaryTreeNode.hpp */,
			);
			path = "剑指offer";
			sourceTree = "<group>";
		};
/* End PBXGroup section */

/* Begin PBXNativeTarget section */
		F0F5FF94221E8CE700CE8E93 /* AlgorithmLibrary */ = {
			isa = PBXNativeTarget;
			buildConfigurationList = F0F5FF9C221E8CE700CE8E93 /* Build configuration list for PBXNativeTarget "AlgorithmLibrary" */;
			buildPhases = (
				F0F5FF91221E8CE700CE8E93 /* Sources */,
				F0F5FF92221E8CE700CE8E93 /* Frameworks */,
				F0F5FF93221E8CE700CE8E93 /* CopyFiles */,
			);
			buildRules = (
			);
			dependencies = (
			);
			name = AlgorithmLibrary;
			productName = AlgorithmLibrary;
			productReference = F0F5FF95221E8CE700CE8E93 /* AlgorithmLibrary */;
			productType = "com.apple.product-type.tool";
		};
/* End PBXNativeTarget section */

/* Begin PBXProject section */
		F0F5FF8D221E8CE700CE8E93 /* Project object */ = {
			isa = PBXProject;
			attributes = {
				LastUpgradeCheck = 1010;
				ORGANIZATIONNAME = imera;
				TargetAttributes = {
					F0F5FF94221E8CE700CE8E93 = {
						CreatedOnToolsVersion = 10.1;
					};
				};
			};
			buildConfigurationList = F0F5FF90221E8CE700CE8E93 /* Build configuration list for PBXProject "AlgorithmLibrary" */;
			compatibilityVersion = "Xcode 9.3";
			developmentRegion = en;
			hasScannedForEncodings = 0;
			knownRegions = (
				en,
			);
			mainGroup = F0F5FF8C221E8CE700CE8E93;
			productRefGroup = F0F5FF96221E8CE700CE8E93 /* Products */;
			projectDirPath = "";
			projectRoot = "";
			targets = (
				F0F5FF94221E8CE700CE8E93 /* AlgorithmLibrary */,
			);
		};
/* End PBXProject section */

/* Begin PBXSourcesBuildPhase section */
		F0F5FF91221E8CE700CE8E93 /* Sources */ = {
			isa = PBXSourcesBuildPhase;
			buildActionMask = 2147483647;
			files = (
				F07831E5225449950094FA8D /* InterviewProblem56.cpp in Sources */,
				F07E86E722420EB900C50055 /* InterviewProblem38.cpp in Sources */,
				F07E86DB223F4C0100C50055 /* InterviewProblem34.cpp in Sources */,
				F0E725D2224DB17B004ACF8B /* InterviewProblem50.cpp in Sources */,
				F07E86D8223F3B8600C50055 /* InterviewProblem33.cpp in Sources */,
				F06963A72230B38400F0238D /* InterviewProblem18.cpp in Sources */,
				F06963FB2235F9D300F0238D /* InterviewProblem22.cpp in Sources */,
				F07E87B12243387A00C50055 /* InterviewProblem40.cpp in Sources */,
				F069645F223B4D0B00F0238D /* InterviewProblem32.cpp in Sources */,
				F07E86DE2240818500C50055 /* InterviewProblem35.cpp in Sources */,
				F0E725D5224DC149004ACF8B /* InterviewProblem51.cpp in Sources */,
				F0F5FF99221E8CE700CE8E93 /* main.cpp in Sources */,
				F06963D022321F4100F0238D /* InterviewProblem21.cpp in Sources */,
				F0696396222E102300F0238D /* InterviewProblem15.cpp in Sources */,
				F069637F22277B6200F0238D /* InterviewProblem9.cpp in Sources */,
				F069639C222E1F0800F0238D /* InterviewProblem16.cpp in Sources */,
				F07831DC2251B8500094FA8D /* InterviewProblem53.cpp in Sources */,
				F0F5FFAB2224D58800CE8E93 /* InterviewProblem7.cpp in Sources */,
				F06963CA2230EA2F00F0238D /* InterviewProblem19.cpp in Sources */,
				F06964562239F49000F0238D /* InterviewProblem29.cpp in Sources */,
				F07E86E12240951400C50055 /* InterviewProblem36.cpp in Sources */,
				F07E86E42241CF5500C50055 /* InterviewProblem37.cpp in Sources */,
				F069640722378BA900F0238D /* InterviewProblem26.cpp in Sources */,
				F069638A2228D0DB00F0238D /* InterviewProblem11.cpp in Sources */,
				F07831D92251AE630094FA8D /* InterviewProblem52.cpp in Sources */,
				F0E725B82248A5E2004ACF8B /* InterviewProblem43.cpp in Sources */,
				F0E725BE2249C2BA004ACF8B /* InterviewProblem45.cpp in Sources */,
				F0696393222CCFB000F0238D /* InterviewProblem14.cpp in Sources */,
				F069638D2228E39E00F0238D /* InterviewProblem12.cpp in Sources */,
				F0204CEE22219F53009A1FD4 /* InterviewProblem5.cpp in Sources */,
				F0696390222CBFA800F0238D /* InterviewProblem13.cpp in Sources */,
				F0F5FFA5221F9E6500CE8E93 /* InterviewProblem4.cpp in Sources */,
				F069640A22389B3E00F0238D /* InterviewProblem27.cpp in Sources */,
				F069640122374A5400F0238D /* InterviewProblem24.cpp in Sources */,
				F0E725CD224C667F004ACF8B /* InterviewProblem49.cpp in Sources */,
				F069640422375D1200F0238D /* InterviewProblem25.cpp in Sources */,
				F06963FE2236083500F0238D /* InterviewProblem23.cpp in Sources */,
				F06961FD22262FFE00F0238D /* InterviewProblem8.cpp in Sources */,
				F07E87AE2243299000C50055 /* InterviewProblem39.cpp in Sources */,
				F07831DF2252FA3D0094FA8D /* InterviewProblem54.cpp in Sources */,
				F0E725C7224B18C0004ACF8B /* InterviewProblem47.cpp in Sources */,
				F0E725B022447271004ACF8B /* InterviewProblem41.cpp in Sources */,
				F0E725CA224C6227004ACF8B /* InterviewProblem48.cpp in Sources */,
				F06963822227BC5100F0238D /* InterviewProblem10.cpp in Sources */,
				F0F5FFA82223852C00CE8E93 /* InterviewProblem6.cpp in Sources */,
				F0696459223A0AD100F0238D /* InterviewProblem30.cpp in Sources */,
				F0F5FFA2221EB30300CE8E93 /* InterviewProblem3.cpp in Sources */,
				F0F5FFAE2224E61100CE8E93 /* Sort.cpp in Sources */,
				F069640D2238B16A00F0238D /* InterviewProblem28.cpp in Sources */,
				F0696399222E10B800F0238D /* ListNode.cpp in Sources */,
				F0E725B322447C26004ACF8B /* InterviewProblem42.cpp in Sources */,
				F06963AA2230B3D700F0238D /* BinaryTreeNode.cpp in Sources */,
				F069645C223B3E3F00F0238D /* InterviewProblem31.cpp in Sources */,
				F07831E2225303580094FA8D /* InterviewProblem55.cpp in Sources */,
				F069639F222F606F00F0238D /* InterviewProblem17.cpp in Sources */,
				F06963CD22320A5B00F0238D /* InterviewProblem20.cpp in Sources */,
				F0E725BB2249BB5D004ACF8B /* InterviewProblem44.cpp in Sources */,
				F07831E8225452010094FA8D /* InterviewProblem57.cpp in Sources */,
				F0E725C4224B15DF004ACF8B /* InterviewProblem46.cpp in Sources */,
			);
			runOnlyForDeploymentPostprocessing = 0;
		};
/* End PBXSourcesBuildPhase section */

/* Begin XCBuildConfiguration section */
		F0F5FF9A221E8CE700CE8E93 /* Debug */ = {
			isa = XCBuildConfiguration;
			buildSettings = {
				ALWAYS_SEARCH_USER_PATHS = NO;
				CLANG_ANALYZER_NONNULL = YES;
				CLANG_ANALYZER_NUMBER_OBJECT_CONVERSION = YES_AGGRESSIVE;
				CLANG_CXX_LANGUAGE_STANDARD = "gnu++14";
				CLANG_CXX_LIBRARY = "libc++";
				CLANG_ENABLE_MODULES = YES;
				CLANG_ENABLE_OBJC_ARC = YES;
				CLANG_ENABLE_OBJC_WEAK = YES;
				CLANG_WARN_BLOCK_CAPTURE_AUTORELEASING = YES;
				CLANG_WARN_BOOL_CONVERSION = YES;
				CLANG_WARN_COMMA = YES;
				CLANG_WARN_CONSTANT_CONVERSION = YES;
				CLANG_WARN_DEPRECATED_OBJC_IMPLEMENTATIONS = YES;
				CLANG_WARN_DIRECT_OBJC_ISA_USAGE = YES_ERROR;
				CLANG_WARN_DOCUMENTATION_COMMENTS = YES;
				CLANG_WARN_EMPTY_BODY = YES;
				CLANG_WARN_ENUM_CONVERSION = YES;
				CLANG_WARN_INFINITE_RECURSION = YES;
				CLANG_WARN_INT_CONVERSION = YES;
				CLANG_WARN_NON_LITERAL_NULL_CONVERSION = YES;
				CLANG_WARN_OBJC_IMPLICIT_RETAIN_SELF = YES;
				CLANG_WARN_OBJC_LITERAL_CONVERSION = YES;
				CLANG_WARN_OBJC_ROOT_CLASS = YES_ERROR;
				CLANG_WARN_RANGE_LOOP_ANALYSIS = YES;
				CLANG_WARN_STRICT_PROTOTYPES = YES;
				CLANG_WARN_SUSPICIOUS_MOVE = YES;
				CLANG_WARN_UNGUARDED_AVAILABILITY = YES_AGGRESSIVE;
				CLANG_WARN_UNREACHABLE_CODE = YES;
				CLANG_WARN__DUPLICATE_METHOD_MATCH = YES;
				CODE_SIGN_IDENTITY = "Mac Developer";
				COPY_PHASE_STRIP = NO;
				DEBUG_INFORMATION_FORMAT = dwarf;
				ENABLE_STRICT_OBJC_MSGSEND = YES;
				ENABLE_TESTABILITY = YES;
				GCC_C_LANGUAGE_STANDARD = gnu11;
				GCC_DYNAMIC_NO_PIC = NO;
				GCC_NO_COMMON_BLOCKS = YES;
				GCC_OPTIMIZATION_LEVEL = 0;
				GCC_PREPROCESSOR_DEFINITIONS = (
					"DEBUG=1",
					"$(inherited)",
				);
				GCC_WARN_64_TO_32_BIT_CONVERSION = YES;
				GCC_WARN_ABOUT_RETURN_TYPE = YES_ERROR;
				GCC_WARN_UNDECLARED_SELECTOR = YES;
				GCC_WARN_UNINITIALIZED_AUTOS = YES_AGGRESSIVE;
				GCC_WARN_UNUSED_FUNCTION = YES;
				GCC_WARN_UNUSED_VARIABLE = YES;
				MACOSX_DEPLOYMENT_TARGET = 10.13;
				MTL_ENABLE_DEBUG_INFO = INCLUDE_SOURCE;
				MTL_FAST_MATH = YES;
				ONLY_ACTIVE_ARCH = YES;
				SDKROOT = macosx;
			};
			name = Debug;
		};
		F0F5FF9B221E8CE700CE8E93 /* Release */ = {
			isa = XCBuildConfiguration;
			buildSettings = {
				ALWAYS_SEARCH_USER_PATHS = NO;
				CLANG_ANALYZER_NONNULL = YES;
				CLANG_ANALYZER_NUMBER_OBJECT_CONVERSION = YES_AGGRESSIVE;
				CLANG_CXX_LANGUAGE_STANDARD = "gnu++14";
				CLANG_CXX_LIBRARY = "libc++";
				CLANG_ENABLE_MODULES = YES;
				CLANG_ENABLE_OBJC_ARC = YES;
				CLANG_ENABLE_OBJC_WEAK = YES;
				CLANG_WARN_BLOCK_CAPTURE_AUTORELEASING = YES;
				CLANG_WARN_BOOL_CONVERSION = YES;
				CLANG_WARN_COMMA = YES;
				CLANG_WARN_CONSTANT_CONVERSION = YES;
				CLANG_WARN_DEPRECATED_OBJC_IMPLEMENTATIONS = YES;
				CLANG_WARN_DIRECT_OBJC_ISA_USAGE = YES_ERROR;
				CLANG_WARN_DOCUMENTATION_COMMENTS = YES;
				CLANG_WARN_EMPTY_BODY = YES;
				CLANG_WARN_ENUM_CONVERSION = YES;
				CLANG_WARN_INFINITE_RECURSION = YES;
				CLANG_WARN_INT_CONVERSION = YES;
				CLANG_WARN_NON_LITERAL_NULL_CONVERSION = YES;
				CLANG_WARN_OBJC_IMPLICIT_RETAIN_SELF = YES;
				CLANG_WARN_OBJC_LITERAL_CONVERSION = YES;
				CLANG_WARN_OBJC_ROOT_CLASS = YES_ERROR;
				CLANG_WARN_RANGE_LOOP_ANALYSIS = YES;
				CLANG_WARN_STRICT_PROTOTYPES = YES;
				CLANG_WARN_SUSPICIOUS_MOVE = YES;
				CLANG_WARN_UNGUARDED_AVAILABILITY = YES_AGGRESSIVE;
				CLANG_WARN_UNREACHABLE_CODE = YES;
				CLANG_WARN__DUPLICATE_METHOD_MATCH = YES;
				CODE_SIGN_IDENTITY = "Mac Developer";
				COPY_PHASE_STRIP = NO;
				DEBUG_INFORMATION_FORMAT = "dwarf-with-dsym";
				ENABLE_NS_ASSERTIONS = NO;
				ENABLE_STRICT_OBJC_MSGSEND = YES;
				GCC_C_LANGUAGE_STANDARD = gnu11;
				GCC_NO_COMMON_BLOCKS = YES;
				GCC_WARN_64_TO_32_BIT_CONVERSION = YES;
				GCC_WARN_ABOUT_RETURN_TYPE = YES_ERROR;
				GCC_WARN_UNDECLARED_SELECTOR = YES;
				GCC_WARN_UNINITIALIZED_AUTOS = YES_AGGRESSIVE;
				GCC_WARN_UNUSED_FUNCTION = YES;
				GCC_WARN_UNUSED_VARIABLE = YES;
				MACOSX_DEPLOYMENT_TARGET = 10.13;
				MTL_ENABLE_DEBUG_INFO = NO;
				MTL_FAST_MATH = YES;
				SDKROOT = macosx;
			};
			name = Release;
		};
		F0F5FF9D221E8CE700CE8E93 /* Debug */ = {
			isa = XCBuildConfiguration;
			buildSettings = {
				CODE_SIGN_STYLE = Automatic;
				DEVELOPMENT_TEAM = 48664Z3QZT;
				PRODUCT_NAME = "$(TARGET_NAME)";
			};
			name = Debug;
		};
		F0F5FF9E221E8CE700CE8E93 /* Release */ = {
			isa = XCBuildConfiguration;
			buildSettings = {
				CODE_SIGN_STYLE = Automatic;
				DEVELOPMENT_TEAM = 48664Z3QZT;
				PRODUCT_NAME = "$(TARGET_NAME)";
			};
			name = Release;
		};
/* End XCBuildConfiguration section */

/* Begin XCConfigurationList section */
		F0F5FF90221E8CE700CE8E93 /* Build configuration list for PBXProject "AlgorithmLibrary" */ = {
			isa = XCConfigurationList;
			buildConfigurations = (
				F0F5FF9A221E8CE700CE8E93 /* Debug */,
				F0F5FF9B221E8CE700CE8E93 /* Release */,
			);
			defaultConfigurationIsVisible = 0;
			defaultConfigurationName = Release;
		};
		F0F5FF9C221E8CE700CE8E93 /* Build configuration list for PBXNativeTarget "AlgorithmLibrary" */ = {
			isa = XCConfigurationList;
			buildConfigurations = (
				F0F5FF9D221E8CE700CE8E93 /* Debug */,
				F0F5FF9E221E8CE700CE8E93 /* Release */,
			);
			defaultConfigurationIsVisible = 0;
			defaultConfigurationName = Release;
		};
/* End XCConfigurationList section */
	};
	rootObject = F0F5FF8D221E8CE700CE8E93 /* Project object */;
}
