// !$*UTF8*$!
{
	archiveVersion = 1;
	classes = {
	};
	objectVersion = 50;
	objects = {

/* Begin PBXBuildFile section */
		F0204CEE22219F53009A1FD4 /* InterviewProblem5.cpp in Sources */ = {isa = PBXBuildFile; fileRef = F0204CEC22219F53009A1FD4 /* InterviewProblem5.cpp */; };
		F06961FD22262FFE00F0238D /* InterviewProblem8.cpp in Sources */ = {isa = PBXBuildFile; fileRef = F06961FB22262FFE00F0238D /* InterviewProblem8.cpp */; };
		F0F5FF99221E8CE700CE8E93 /* main.cpp in Sources */ = {isa = PBXBuildFile; fileRef = F0F5FF98221E8CE700CE8E93 /* main.cpp */; };
		F0F5FFA2221EB30300CE8E93 /* InterviewProblem3.cpp in Sources */ = {isa = PBXBuildFile; fileRef = F0F5FFA0221EB30300CE8E93 /* InterviewProblem3.cpp */; };
		F0F5FFA5221F9E6500CE8E93 /* InterviewProblem4.cpp in Sources */ = {isa = PBXBuildFile; fileRef = F0F5FFA3221F9E6500CE8E93 /* InterviewProblem4.cpp */; };
		F0F5FFA82223852C00CE8E93 /* InterviewProblem6.cpp in Sources */ = {isa = PBXBuildFile; fileRef = F0F5FFA62223852C00CE8E93 /* InterviewProblem6.cpp */; };
		F0F5FFAB2224D58800CE8E93 /* InterviewProblem7.cpp in Sources */ = {isa = PBXBuildFile; fileRef = F0F5FFA92224D58800CE8E93 /* InterviewProblem7.cpp */; };
		F0F5FFAE2224E61100CE8E93 /* Sort.cpp in Sources */ = {isa = PBXBuildFile; fileRef = F0F5FFAC2224E61100CE8E93 /* Sort.cpp */; };
/* End PBXBuildFile section */

/* Begin PBXCopyFilesBuildPhase section */
		F0F5FF93221E8CE700CE8E93 /* CopyFiles */ = {
			isa = PBXCopyFilesBuildPhase;
			buildActionMask = 2147483647;
			dstPath = /usr/share/man/man1/;
			dstSubfolderSpec = 0;
			files = (
			);
			runOnlyForDeploymentPostprocessing = 1;
		};
/* End PBXCopyFilesBuildPhase section */

/* Begin PBXFileReference section */
		F0204CEC22219F53009A1FD4 /* InterviewProblem5.cpp */ = {isa = PBXFileReference; lastKnownFileType = sourcecode.cpp.cpp; path = InterviewProblem5.cpp; sourceTree = "<group>"; };
		F0204CED22219F53009A1FD4 /* InterviewProblem5.hpp */ = {isa = PBXFileReference; lastKnownFileType = sourcecode.cpp.h; path = InterviewProblem5.hpp; sourceTree = "<group>"; };
		F06961FB22262FFE00F0238D /* InterviewProblem8.cpp */ = {isa = PBXFileReference; lastKnownFileType = sourcecode.cpp.cpp; path = InterviewProblem8.cpp; sourceTree = "<group>"; };
		F06961FC22262FFE00F0238D /* InterviewProblem8.hpp */ = {isa = PBXFileReference; lastKnownFileType = sourcecode.cpp.h; path = InterviewProblem8.hpp; sourceTree = "<group>"; };
		F0F5FF95221E8CE700CE8E93 /* AlgorithmLibrary */ = {isa = PBXFileReference; explicitFileType = "compiled.mach-o.executable"; includeInIndex = 0; path = AlgorithmLibrary; sourceTree = BUILT_PRODUCTS_DIR; };
		F0F5FF98221E8CE700CE8E93 /* main.cpp */ = {isa = PBXFileReference; lastKnownFileType = sourcecode.cpp.cpp; path = main.cpp; sourceTree = "<group>"; };
		F0F5FFA0221EB30300CE8E93 /* InterviewProblem3.cpp */ = {isa = PBXFileReference; lastKnownFileType = sourcecode.cpp.cpp; path = InterviewProblem3.cpp; sourceTree = "<group>"; };
		F0F5FFA1221EB30300CE8E93 /* InterviewProblem3.hpp */ = {isa = PBXFileReference; lastKnownFileType = sourcecode.cpp.h; path = InterviewProblem3.hpp; sourceTree = "<group>"; };
		F0F5FFA3221F9E6500CE8E93 /* InterviewProblem4.cpp */ = {isa = PBXFileReference; lastKnownFileType = sourcecode.cpp.cpp; path = InterviewProblem4.cpp; sourceTree = "<group>"; };
		F0F5FFA4221F9E6500CE8E93 /* InterviewProblem4.hpp */ = {isa = PBXFileReference; lastKnownFileType = sourcecode.cpp.h; path = InterviewProblem4.hpp; sourceTree = "<group>"; };
		F0F5FFA62223852C00CE8E93 /* InterviewProblem6.cpp */ = {isa = PBXFileReference; lastKnownFileType = sourcecode.cpp.cpp; path = InterviewProblem6.cpp; sourceTree = "<group>"; };
		F0F5FFA72223852C00CE8E93 /* InterviewProblem6.hpp */ = {isa = PBXFileReference; lastKnownFileType = sourcecode.cpp.h; path = InterviewProblem6.hpp; sourceTree = "<group>"; };
		F0F5FFA92224D58800CE8E93 /* InterviewProblem7.cpp */ = {isa = PBXFileReference; lastKnownFileType = sourcecode.cpp.cpp; path = InterviewProblem7.cpp; sourceTree = "<group>"; };
		F0F5FFAA2224D58800CE8E93 /* InterviewProblem7.hpp */ = {isa = PBXFileReference; lastKnownFileType = sourcecode.cpp.h; path = InterviewProblem7.hpp; sourceTree = "<group>"; };
		F0F5FFAC2224E61100CE8E93 /* Sort.cpp */ = {isa = PBXFileReference; lastKnownFileType = sourcecode.cpp.cpp; path = Sort.cpp; sourceTree = "<group>"; };
		F0F5FFAD2224E61100CE8E93 /* Sort.hpp */ = {isa = PBXFileReference; lastKnownFileType = sourcecode.cpp.h; path = Sort.hpp; sourceTree = "<group>"; };
/* End PBXFileReference section */

/* Begin PBXFrameworksBuildPhase section */
		F0F5FF92221E8CE700CE8E93 /* Frameworks */ = {
			isa = PBXFrameworksBuildPhase;
			buildActionMask = 2147483647;
			files = (
			);
			runOnlyForDeploymentPostprocessing = 0;
		};
/* End PBXFrameworksBuildPhase section */

/* Begin PBXGroup section */
		F0F5FF8C221E8CE700CE8E93 = {
			isa = PBXGroup;
			children = (
				F0F5FF97221E8CE700CE8E93 /* AlgorithmLibrary */,
				F0F5FF96221E8CE700CE8E93 /* Products */,
			);
			sourceTree = "<group>";
		};
		F0F5FF96221E8CE700CE8E93 /* Products */ = {
			isa = PBXGroup;
			children = (
				F0F5FF95221E8CE700CE8E93 /* AlgorithmLibrary */,
			);
			name = Products;
			sourceTree = "<group>";
		};
		F0F5FF97221E8CE700CE8E93 /* AlgorithmLibrary */ = {
			isa = PBXGroup;
			children = (
				F0F5FF9F221EB27B00CE8E93 /* 剑指offer */,
				F0F5FF98221E8CE700CE8E93 /* main.cpp */,
			);
			path = AlgorithmLibrary;
			sourceTree = "<group>";
		};
		F0F5FF9F221EB27B00CE8E93 /* 剑指offer */ = {
			isa = PBXGroup;
			children = (
				F0F5FFA0221EB30300CE8E93 /* InterviewProblem3.cpp */,
				F0F5FFA1221EB30300CE8E93 /* InterviewProblem3.hpp */,
				F0F5FFA3221F9E6500CE8E93 /* InterviewProblem4.cpp */,
				F0F5FFA4221F9E6500CE8E93 /* InterviewProblem4.hpp */,
				F0204CEC22219F53009A1FD4 /* InterviewProblem5.cpp */,
				F0204CED22219F53009A1FD4 /* InterviewProblem5.hpp */,
				F0F5FFA62223852C00CE8E93 /* InterviewProblem6.cpp */,
				F0F5FFA72223852C00CE8E93 /* InterviewProblem6.hpp */,
				F0F5FFA92224D58800CE8E93 /* InterviewProblem7.cpp */,
				F0F5FFAA2224D58800CE8E93 /* InterviewProblem7.hpp */,
				F06961FB22262FFE00F0238D /* InterviewProblem8.cpp */,
				F06961FC22262FFE00F0238D /* InterviewProblem8.hpp */,
				F0F5FFAC2224E61100CE8E93 /* Sort.cpp */,
				F0F5FFAD2224E61100CE8E93 /* Sort.hpp */,
			);
			path = "剑指offer";
			sourceTree = "<group>";
		};
/* End PBXGroup section */

/* Begin PBXNativeTarget section */
		F0F5FF94221E8CE700CE8E93 /* AlgorithmLibrary */ = {
			isa = PBXNativeTarget;
			buildConfigurationList = F0F5FF9C221E8CE700CE8E93 /* Build configuration list for PBXNativeTarget "AlgorithmLibrary" */;
			buildPhases = (
				F0F5FF91221E8CE700CE8E93 /* Sources */,
				F0F5FF92221E8CE700CE8E93 /* Frameworks */,
				F0F5FF93221E8CE700CE8E93 /* CopyFiles */,
			);
			buildRules = (
			);
			dependencies = (
			);
			name = AlgorithmLibrary;
			productName = AlgorithmLibrary;
			productReference = F0F5FF95221E8CE700CE8E93 /* AlgorithmLibrary */;
			productType = "com.apple.product-type.tool";
		};
/* End PBXNativeTarget section */

/* Begin PBXProject section */
		F0F5FF8D221E8CE700CE8E93 /* Project object */ = {
			isa = PBXProject;
			attributes = {
				LastUpgradeCheck = 1010;
				ORGANIZATIONNAME = imera;
				TargetAttributes = {
					F0F5FF94221E8CE700CE8E93 = {
						CreatedOnToolsVersion = 10.1;
					};
				};
			};
			buildConfigurationList = F0F5FF90221E8CE700CE8E93 /* Build configuration list for PBXProject "AlgorithmLibrary" */;
			compatibilityVersion = "Xcode 9.3";
			developmentRegion = en;
			hasScannedForEncodings = 0;
			knownRegions = (
				en,
			);
			mainGroup = F0F5FF8C221E8CE700CE8E93;
			productRefGroup = F0F5FF96221E8CE700CE8E93 /* Products */;
			projectDirPath = "";
			projectRoot = "";
			targets = (
				F0F5FF94221E8CE700CE8E93 /* AlgorithmLibrary */,
			);
		};
/* End PBXProject section */

/* Begin PBXSourcesBuildPhase section */
		F0F5FF91221E8CE700CE8E93 /* Sources */ = {
			isa = PBXSourcesBuildPhase;
			buildActionMask = 2147483647;
			files = (
				F0F5FF99221E8CE700CE8E93 /* main.cpp in Sources */,
				F0F5FFAB2224D58800CE8E93 /* InterviewProblem7.cpp in Sources */,
				F0204CEE22219F53009A1FD4 /* InterviewProblem5.cpp in Sources */,
				F0F5FFA5221F9E6500CE8E93 /* InterviewProblem4.cpp in Sources */,
				F06961FD22262FFE00F0238D /* InterviewProblem8.cpp in Sources */,
				F0F5FFA82223852C00CE8E93 /* InterviewProblem6.cpp in Sources */,
				F0F5FFA2221EB30300CE8E93 /* InterviewProblem3.cpp in Sources */,
				F0F5FFAE2224E61100CE8E93 /* Sort.cpp in Sources */,
			);
			runOnlyForDeploymentPostprocessing = 0;
		};
/* End PBXSourcesBuildPhase section */

/* Begin XCBuildConfiguration section */
		F0F5FF9A221E8CE700CE8E93 /* Debug */ = {
			isa = XCBuildConfiguration;
			buildSettings = {
				ALWAYS_SEARCH_USER_PATHS = NO;
				CLANG_ANALYZER_NONNULL = YES;
				CLANG_ANALYZER_NUMBER_OBJECT_CONVERSION = YES_AGGRESSIVE;
				CLANG_CXX_LANGUAGE_STANDARD = "gnu++14";
				CLANG_CXX_LIBRARY = "libc++";
				CLANG_ENABLE_MODULES = YES;
				CLANG_ENABLE_OBJC_ARC = YES;
				CLANG_ENABLE_OBJC_WEAK = YES;
				CLANG_WARN_BLOCK_CAPTURE_AUTORELEASING = YES;
				CLANG_WARN_BOOL_CONVERSION = YES;
				CLANG_WARN_COMMA = YES;
				CLANG_WARN_CONSTANT_CONVERSION = YES;
				CLANG_WARN_DEPRECATED_OBJC_IMPLEMENTATIONS = YES;
				CLANG_WARN_DIRECT_OBJC_ISA_USAGE = YES_ERROR;
				CLANG_WARN_DOCUMENTATION_COMMENTS = YES;
				CLANG_WARN_EMPTY_BODY = YES;
				CLANG_WARN_ENUM_CONVERSION = YES;
				CLANG_WARN_INFINITE_RECURSION = YES;
				CLANG_WARN_INT_CONVERSION = YES;
				CLANG_WARN_NON_LITERAL_NULL_CONVERSION = YES;
				CLANG_WARN_OBJC_IMPLICIT_RETAIN_SELF = YES;
				CLANG_WARN_OBJC_LITERAL_CONVERSION = YES;
				CLANG_WARN_OBJC_ROOT_CLASS = YES_ERROR;
				CLANG_WARN_RANGE_LOOP_ANALYSIS = YES;
				CLANG_WARN_STRICT_PROTOTYPES = YES;
				CLANG_WARN_SUSPICIOUS_MOVE = YES;
				CLANG_WARN_UNGUARDED_AVAILABILITY = YES_AGGRESSIVE;
				CLANG_WARN_UNREACHABLE_CODE = YES;
				CLANG_WARN__DUPLICATE_METHOD_MATCH = YES;
				CODE_SIGN_IDENTITY = "Mac Developer";
				COPY_PHASE_STRIP = NO;
				DEBUG_INFORMATION_FORMAT = dwarf;
				ENABLE_STRICT_OBJC_MSGSEND = YES;
				ENABLE_TESTABILITY = YES;
				GCC_C_LANGUAGE_STANDARD = gnu11;
				GCC_DYNAMIC_NO_PIC = NO;
				GCC_NO_COMMON_BLOCKS = YES;
				GCC_OPTIMIZATION_LEVEL = 0;
				GCC_PREPROCESSOR_DEFINITIONS = (
					"DEBUG=1",
					"$(inherited)",
				);
				GCC_WARN_64_TO_32_BIT_CONVERSION = YES;
				GCC_WARN_ABOUT_RETURN_TYPE = YES_ERROR;
				GCC_WARN_UNDECLARED_SELECTOR = YES;
				GCC_WARN_UNINITIALIZED_AUTOS = YES_AGGRESSIVE;
				GCC_WARN_UNUSED_FUNCTION = YES;
				GCC_WARN_UNUSED_VARIABLE = YES;
				MACOSX_DEPLOYMENT_TARGET = 10.13;
				MTL_ENABLE_DEBUG_INFO = INCLUDE_SOURCE;
				MTL_FAST_MATH = YES;
				ONLY_ACTIVE_ARCH = YES;
				SDKROOT = macosx;
			};
			name = Debug;
		};
		F0F5FF9B221E8CE700CE8E93 /* Release */ = {
			isa = XCBuildConfiguration;
			buildSettings = {
				ALWAYS_SEARCH_USER_PATHS = NO;
				CLANG_ANALYZER_NONNULL = YES;
				CLANG_ANALYZER_NUMBER_OBJECT_CONVERSION = YES_AGGRESSIVE;
				CLANG_CXX_LANGUAGE_STANDARD = "gnu++14";
				CLANG_CXX_LIBRARY = "libc++";
				CLANG_ENABLE_MODULES = YES;
				CLANG_ENABLE_OBJC_ARC = YES;
				CLANG_ENABLE_OBJC_WEAK = YES;
				CLANG_WARN_BLOCK_CAPTURE_AUTORELEASING = YES;
				CLANG_WARN_BOOL_CONVERSION = YES;
				CLANG_WARN_COMMA = YES;
				CLANG_WARN_CONSTANT_CONVERSION = YES;
				CLANG_WARN_DEPRECATED_OBJC_IMPLEMENTATIONS = YES;
				CLANG_WARN_DIRECT_OBJC_ISA_USAGE = YES_ERROR;
				CLANG_WARN_DOCUMENTATION_COMMENTS = YES;
				CLANG_WARN_EMPTY_BODY = YES;
				CLANG_WARN_ENUM_CONVERSION = YES;
				CLANG_WARN_INFINITE_RECURSION = YES;
				CLANG_WARN_INT_CONVERSION = YES;
				CLANG_WARN_NON_LITERAL_NULL_CONVERSION = YES;
				CLANG_WARN_OBJC_IMPLICIT_RETAIN_SELF = YES;
				CLANG_WARN_OBJC_LITERAL_CONVERSION = YES;
				CLANG_WARN_OBJC_ROOT_CLASS = YES_ERROR;
				CLANG_WARN_RANGE_LOOP_ANALYSIS = YES;
				CLANG_WARN_STRICT_PROTOTYPES = YES;
				CLANG_WARN_SUSPICIOUS_MOVE = YES;
				CLANG_WARN_UNGUARDED_AVAILABILITY = YES_AGGRESSIVE;
				CLANG_WARN_UNREACHABLE_CODE = YES;
				CLANG_WARN__DUPLICATE_METHOD_MATCH = YES;
				CODE_SIGN_IDENTITY = "Mac Developer";
				COPY_PHASE_STRIP = NO;
				DEBUG_INFORMATION_FORMAT = "dwarf-with-dsym";
				ENABLE_NS_ASSERTIONS = NO;
				ENABLE_STRICT_OBJC_MSGSEND = YES;
				GCC_C_LANGUAGE_STANDARD = gnu11;
				GCC_NO_COMMON_BLOCKS = YES;
				GCC_WARN_64_TO_32_BIT_CONVERSION = YES;
				GCC_WARN_ABOUT_RETURN_TYPE = YES_ERROR;
				GCC_WARN_UNDECLARED_SELECTOR = YES;
				GCC_WARN_UNINITIALIZED_AUTOS = YES_AGGRESSIVE;
				GCC_WARN_UNUSED_FUNCTION = YES;
				GCC_WARN_UNUSED_VARIABLE = YES;
				MACOSX_DEPLOYMENT_TARGET = 10.13;
				MTL_ENABLE_DEBUG_INFO = NO;
				MTL_FAST_MATH = YES;
				SDKROOT = macosx;
			};
			name = Release;
		};
		F0F5FF9D221E8CE700CE8E93 /* Debug */ = {
			isa = XCBuildConfiguration;
			buildSettings = {
				CODE_SIGN_STYLE = Automatic;
				DEVELOPMENT_TEAM = 48664Z3QZT;
				PRODUCT_NAME = "$(TARGET_NAME)";
			};
			name = Debug;
		};
		F0F5FF9E221E8CE700CE8E93 /* Release */ = {
			isa = XCBuildConfiguration;
			buildSettings = {
				CODE_SIGN_STYLE = Automatic;
				DEVELOPMENT_TEAM = 48664Z3QZT;
				PRODUCT_NAME = "$(TARGET_NAME)";
			};
			name = Release;
		};
/* End XCBuildConfiguration section */

/* Begin XCConfigurationList section */
		F0F5FF90221E8CE700CE8E93 /* Build configuration list for PBXProject "AlgorithmLibrary" */ = {
			isa = XCConfigurationList;
			buildConfigurations = (
				F0F5FF9A221E8CE700CE8E93 /* Debug */,
				F0F5FF9B221E8CE700CE8E93 /* Release */,
			);
			defaultConfigurationIsVisible = 0;
			defaultConfigurationName = Release;
		};
		F0F5FF9C221E8CE700CE8E93 /* Build configuration list for PBXNativeTarget "AlgorithmLibrary" */ = {
			isa = XCConfigurationList;
			buildConfigurations = (
				F0F5FF9D221E8CE700CE8E93 /* Debug */,
				F0F5FF9E221E8CE700CE8E93 /* Release */,
			);
			defaultConfigurationIsVisible = 0;
			defaultConfigurationName = Release;
		};
/* End XCConfigurationList section */
	};
	rootObject = F0F5FF8D221E8CE700CE8E93 /* Project object */;
}
